// !$*UTF8*$!
{
	archiveVersion = 1;
	classes = {
	};
	objectVersion = 46;
	objects = {

/* Begin PBXBuildFile section */
		6A69CE481A852582009D1F92 /* Circuit-3.png in Resources */ = {isa = PBXBuildFile; fileRef = 6A69CE471A852582009D1F92 /* Circuit-3.png */; };
		6A69CE4A1A8529B5009D1F92 /* BiasModel.swift in Sources */ = {isa = PBXBuildFile; fileRef = 6A69CE491A8529B5009D1F92 /* BiasModel.swift */; };
		6A69CE4C1A853C63009D1F92 /* ValueFormatter.swift in Sources */ = {isa = PBXBuildFile; fileRef = 6A69CE4B1A853C63009D1F92 /* ValueFormatter.swift */; };
		6AA3F4401A83BDD60015627A /* AppDelegate.swift in Sources */ = {isa = PBXBuildFile; fileRef = 6AA3F43F1A83BDD60015627A /* AppDelegate.swift */; };
		6AA3F4421A83BDD60015627A /* Images.xcassets in Resources */ = {isa = PBXBuildFile; fileRef = 6AA3F4411A83BDD60015627A /* Images.xcassets */; };
		6AA3F4451A83BDD60015627A /* MainMenu.xib in Resources */ = {isa = PBXBuildFile; fileRef = 6AA3F4431A83BDD60015627A /* MainMenu.xib */; };
		6AA3F4511A83BDD60015627A /* BiasTests.swift in Sources */ = {isa = PBXBuildFile; fileRef = 6AA3F4501A83BDD60015627A /* BiasTests.swift */; };
/* End PBXBuildFile section */

/* Begin PBXContainerItemProxy section */
		6AA3F44B1A83BDD60015627A /* PBXContainerItemProxy */ = {
			isa = PBXContainerItemProxy;
			containerPortal = 6AA3F4321A83BDD60015627A /* Project object */;
			proxyType = 1;
			remoteGlobalIDString = 6AA3F4391A83BDD60015627A;
			remoteInfo = Bias;
		};
/* End PBXContainerItemProxy section */

/* Begin PBXFileReference section */
		6A69CE471A852582009D1F92 /* Circuit-3.png */ = {isa = PBXFileReference; lastKnownFileType = image.png; path = "Circuit-3.png"; sourceTree = "<group>"; };
		6A69CE491A8529B5009D1F92 /* BiasModel.swift */ = {isa = PBXFileReference; fileEncoding = 4; lastKnownFileType = sourcecode.swift; path = BiasModel.swift; sourceTree = "<group>"; };
		6A69CE4B1A853C63009D1F92 /* ValueFormatter.swift */ = {isa = PBXFileReference; fileEncoding = 4; lastKnownFileType = sourcecode.swift; path = ValueFormatter.swift; sourceTree = "<group>"; };
		6A69CE4D1A86423D009D1F92 /* Bridging.h */ = {isa = PBXFileReference; lastKnownFileType = sourcecode.c.h; path = Bridging.h; sourceTree = "<group>"; };
		6AA3F43A1A83BDD60015627A /* Bias.app */ = {isa = PBXFileReference; explicitFileType = wrapper.application; includeInIndex = 0; path = Bias.app; sourceTree = BUILT_PRODUCTS_DIR; };
		6AA3F43E1A83BDD60015627A /* Info.plist */ = {isa = PBXFileReference; lastKnownFileType = text.plist.xml; path = Info.plist; sourceTree = "<group>"; };
		6AA3F43F1A83BDD60015627A /* AppDelegate.swift */ = {isa = PBXFileReference; lastKnownFileType = sourcecode.swift; path = AppDelegate.swift; sourceTree = "<group>"; };
		6AA3F4411A83BDD60015627A /* Images.xcassets */ = {isa = PBXFileReference; lastKnownFileType = folder.assetcatalog; path = Images.xcassets; sourceTree = "<group>"; };
		6AA3F4441A83BDD60015627A /* Base */ = {isa = PBXFileReference; lastKnownFileType = file.xib; name = Base; path = Base.lproj/MainMenu.xib; sourceTree = "<group>"; };
		6AA3F44A1A83BDD60015627A /* BiasTests.xctest */ = {isa = PBXFileReference; explicitFileType = wrapper.cfbundle; includeInIndex = 0; path = BiasTests.xctest; sourceTree = BUILT_PRODUCTS_DIR; };
		6AA3F44F1A83BDD60015627A /* Info.plist */ = {isa = PBXFileReference; lastKnownFileType = text.plist.xml; path = Info.plist; sourceTree = "<group>"; };
		6AA3F4501A83BDD60015627A /* BiasTests.swift */ = {isa = PBXFileReference; lastKnownFileType = sourcecode.swift; path = BiasTests.swift; sourceTree = "<group>"; };
/* End PBXFileReference section */

/* Begin PBXFrameworksBuildPhase section */
		6AA3F4371A83BDD60015627A /* Frameworks */ = {
			isa = PBXFrameworksBuildPhase;
			buildActionMask = 2147483647;
			files = (
			);
			runOnlyForDeploymentPostprocessing = 0;
		};
		6AA3F4471A83BDD60015627A /* Frameworks */ = {
			isa = PBXFrameworksBuildPhase;
			buildActionMask = 2147483647;
			files = (
			);
			runOnlyForDeploymentPostprocessing = 0;
		};
/* End PBXFrameworksBuildPhase section */

/* Begin PBXGroup section */
		6AA3F4311A83BDD60015627A = {
			isa = PBXGroup;
			children = (
				6AA3F43C1A83BDD60015627A /* Bias */,
				6AA3F44D1A83BDD60015627A /* BiasTests */,
				6AA3F43B1A83BDD60015627A /* Products */,
			);
			sourceTree = "<group>";
		};
		6AA3F43B1A83BDD60015627A /* Products */ = {
			isa = PBXGroup;
			children = (
				6AA3F43A1A83BDD60015627A /* Bias.app */,
				6AA3F44A1A83BDD60015627A /* BiasTests.xctest */,
			);
			name = Products;
			sourceTree = "<group>";
		};
		6AA3F43C1A83BDD60015627A /* Bias */ = {
			isa = PBXGroup;
			children = (
				6A69CE4D1A86423D009D1F92 /* Bridging.h */,
				6AA3F43F1A83BDD60015627A /* AppDelegate.swift */,
				6A69CE491A8529B5009D1F92 /* BiasModel.swift */,
				6AA3F4431A83BDD60015627A /* MainMenu.xib */,
				6A69CE4B1A853C63009D1F92 /* ValueFormatter.swift */,
				6AA3F4411A83BDD60015627A /* Images.xcassets */,
				6A69CE471A852582009D1F92 /* Circuit-3.png */,
				6AA3F43D1A83BDD60015627A /* Supporting Files */,
			);
			path = Bias;
			sourceTree = "<group>";
		};
		6AA3F43D1A83BDD60015627A /* Supporting Files */ = {
			isa = PBXGroup;
			children = (
				6AA3F43E1A83BDD60015627A /* Info.plist */,
			);
			name = "Supporting Files";
			sourceTree = "<group>";
		};
		6AA3F44D1A83BDD60015627A /* BiasTests */ = {
			isa = PBXGroup;
			children = (
				6AA3F4501A83BDD60015627A /* BiasTests.swift */,
				6AA3F44E1A83BDD60015627A /* Supporting Files */,
			);
			path = BiasTests;
			sourceTree = "<group>";
		};
		6AA3F44E1A83BDD60015627A /* Supporting Files */ = {
			isa = PBXGroup;
			children = (
				6AA3F44F1A83BDD60015627A /* Info.plist */,
			);
			name = "Supporting Files";
			sourceTree = "<group>";
		};
/* End PBXGroup section */

/* Begin PBXNativeTarget section */
		6AA3F4391A83BDD60015627A /* Bias */ = {
			isa = PBXNativeTarget;
			buildConfigurationList = 6AA3F4541A83BDD60015627A /* Build configuration list for PBXNativeTarget "Bias" */;
			buildPhases = (
				6AA3F4361A83BDD60015627A /* Sources */,
				6AA3F4371A83BDD60015627A /* Frameworks */,
				6AA3F4381A83BDD60015627A /* Resources */,
			);
			buildRules = (
			);
			dependencies = (
			);
			name = Bias;
			productName = Bias;
			productReference = 6AA3F43A1A83BDD60015627A /* Bias.app */;
			productType = "com.apple.product-type.application";
		};
		6AA3F4491A83BDD60015627A /* BiasTests */ = {
			isa = PBXNativeTarget;
			buildConfigurationList = 6AA3F4571A83BDD60015627A /* Build configuration list for PBXNativeTarget "BiasTests" */;
			buildPhases = (
				6AA3F4461A83BDD60015627A /* Sources */,
				6AA3F4471A83BDD60015627A /* Frameworks */,
				6AA3F4481A83BDD60015627A /* Resources */,
			);
			buildRules = (
			);
			dependencies = (
				6AA3F44C1A83BDD60015627A /* PBXTargetDependency */,
			);
			name = BiasTests;
			productName = BiasTests;
			productReference = 6AA3F44A1A83BDD60015627A /* BiasTests.xctest */;
			productType = "com.apple.product-type.bundle.unit-test";
		};
/* End PBXNativeTarget section */

/* Begin PBXProject section */
		6AA3F4321A83BDD60015627A /* Project object */ = {
			isa = PBXProject;
			attributes = {
				LastUpgradeCheck = 0610;
				ORGANIZATIONNAME = "Mikael Hakman";
				TargetAttributes = {
					6AA3F4391A83BDD60015627A = {
						CreatedOnToolsVersion = 6.1.1;
					};
					6AA3F4491A83BDD60015627A = {
						CreatedOnToolsVersion = 6.1.1;
						TestTargetID = 6AA3F4391A83BDD60015627A;
					};
				};
			};
			buildConfigurationList = 6AA3F4351A83BDD60015627A /* Build configuration list for PBXProject "Bias" */;
			compatibilityVersion = "Xcode 3.2";
			developmentRegion = English;
			hasScannedForEncodings = 0;
			knownRegions = (
				en,
				Base,
			);
			mainGroup = 6AA3F4311A83BDD60015627A;
			productRefGroup = 6AA3F43B1A83BDD60015627A /* Products */;
			projectDirPath = "";
			projectRoot = "";
			targets = (
				6AA3F4391A83BDD60015627A /* Bias */,
				6AA3F4491A83BDD60015627A /* BiasTests */,
			);
		};
/* End PBXProject section */

/* Begin PBXResourcesBuildPhase section */
		6AA3F4381A83BDD60015627A /* Resources */ = {
			isa = PBXResourcesBuildPhase;
			buildActionMask = 2147483647;
			files = (
				6A69CE481A852582009D1F92 /* Circuit-3.png in Resources */,
				6AA3F4421A83BDD60015627A /* Images.xcassets in Resources */,
				6AA3F4451A83BDD60015627A /* MainMenu.xib in Resources */,
			);
			runOnlyForDeploymentPostprocessing = 0;
		};
		6AA3F4481A83BDD60015627A /* Resources */ = {
			isa = PBXResourcesBuildPhase;
			buildActionMask = 2147483647;
			files = (
			);
			runOnlyForDeploymentPostprocessing = 0;
		};
/* End PBXResourcesBuildPhase section */

/* Begin PBXSourcesBuildPhase section */
		6AA3F4361A83BDD60015627A /* Sources */ = {
			isa = PBXSourcesBuildPhase;
			buildActionMask = 2147483647;
			files = (
				6A69CE4A1A8529B5009D1F92 /* BiasModel.swift in Sources */,
				6A69CE4C1A853C63009D1F92 /* ValueFormatter.swift in Sources */,
				6AA3F4401A83BDD60015627A /* AppDelegate.swift in Sources */,
			);
			runOnlyForDeploymentPostprocessing = 0;
		};
		6AA3F4461A83BDD60015627A /* Sources */ = {
			isa = PBXSourcesBuildPhase;
			buildActionMask = 2147483647;
			files = (
				6AA3F4511A83BDD60015627A /* BiasTests.swift in Sources */,
			);
			runOnlyForDeploymentPostprocessing = 0;
		};
/* End PBXSourcesBuildPhase section */

/* Begin PBXTargetDependency section */
		6AA3F44C1A83BDD60015627A /* PBXTargetDependency */ = {
			isa = PBXTargetDependency;
			target = 6AA3F4391A83BDD60015627A /* Bias */;
			targetProxy = 6AA3F44B1A83BDD60015627A /* PBXContainerItemProxy */;
		};
/* End PBXTargetDependency section */

/* Begin PBXVariantGroup section */
		6AA3F4431A83BDD60015627A /* MainMenu.xib */ = {
			isa = PBXVariantGroup;
			children = (
				6AA3F4441A83BDD60015627A /* Base */,
			);
			name = MainMenu.xib;
			sourceTree = "<group>";
		};
/* End PBXVariantGroup section */

/* Begin XCBuildConfiguration section */
		6AA3F4521A83BDD60015627A /* Debug */ = {
			isa = XCBuildConfiguration;
			buildSettings = {
				ALWAYS_SEARCH_USER_PATHS = NO;
				CLANG_CXX_LANGUAGE_STANDARD = "gnu++0x";
				CLANG_CXX_LIBRARY = "libc++";
				CLANG_ENABLE_MODULES = YES;
				CLANG_ENABLE_OBJC_ARC = YES;
				CLANG_WARN_BOOL_CONVERSION = YES;
				CLANG_WARN_CONSTANT_CONVERSION = YES;
				CLANG_WARN_DIRECT_OBJC_ISA_USAGE = YES_ERROR;
				CLANG_WARN_EMPTY_BODY = YES;
				CLANG_WARN_ENUM_CONVERSION = YES;
				CLANG_WARN_INT_CONVERSION = YES;
				CLANG_WARN_OBJC_ROOT_CLASS = YES_ERROR;
				CLANG_WARN_UNREACHABLE_CODE = YES;
				CLANG_WARN__DUPLICATE_METHOD_MATCH = YES;
				CODE_SIGN_IDENTITY = "-";
				COPY_PHASE_STRIP = NO;
				ENABLE_STRICT_OBJC_MSGSEND = YES;
				GCC_C_LANGUAGE_STANDARD = gnu99;
				GCC_DYNAMIC_NO_PIC = NO;
				GCC_OPTIMIZATION_LEVEL = 0;
				GCC_PREPROCESSOR_DEFINITIONS = (
					"DEBUG=1",
					"$(inherited)",
				);
				GCC_SYMBOLS_PRIVATE_EXTERN = NO;
				GCC_WARN_64_TO_32_BIT_CONVERSION = YES;
				GCC_WARN_ABOUT_RETURN_TYPE = YES_ERROR;
				GCC_WARN_UNDECLARED_SELECTOR = YES;
				GCC_WARN_UNINITIALIZED_AUTOS = YES_AGGRESSIVE;
				GCC_WARN_UNUSED_FUNCTION = YES;
				GCC_WARN_UNUSED_VARIABLE = YES;
				MACOSX_DEPLOYMENT_TARGET = 10.10;
				MTL_ENABLE_DEBUG_INFO = YES;
				ONLY_ACTIVE_ARCH = YES;
				SDKROOT = macosx;
				SWIFT_OPTIMIZATION_LEVEL = "-Onone";
			};
			name = Debug;
		};
		6AA3F4531A83BDD60015627A /* Release */ = {
			isa = XCBuildConfiguration;
			buildSettings = {
				ALWAYS_SEARCH_USER_PATHS = NO;
				CLANG_CXX_LANGUAGE_STANDARD = "gnu++0x";
				CLANG_CXX_LIBRARY = "libc++";
				CLANG_ENABLE_MODULES = YES;
				CLANG_ENABLE_OBJC_ARC = YES;
				CLANG_WARN_BOOL_CONVERSION = YES;
				CLANG_WARN_CONSTANT_CONVERSION = YES;
				CLANG_WARN_DIRECT_OBJC_ISA_USAGE = YES_ERROR;
				CLANG_WARN_EMPTY_BODY = YES;
				CLANG_WARN_ENUM_CONVERSION = YES;
				CLANG_WARN_INT_CONVERSION = YES;
				CLANG_WARN_OBJC_ROOT_CLASS = YES_ERROR;
				CLANG_WARN_UNREACHABLE_CODE = YES;
				CLANG_WARN__DUPLICATE_METHOD_MATCH = YES;
				CODE_SIGN_IDENTITY = "-";
				COPY_PHASE_STRIP = YES;
				DEBUG_INFORMATION_FORMAT = "dwarf-with-dsym";
				ENABLE_NS_ASSERTIONS = NO;
				ENABLE_STRICT_OBJC_MSGSEND = YES;
				GCC_C_LANGUAGE_STANDARD = gnu99;
				GCC_WARN_64_TO_32_BIT_CONVERSION = YES;
				GCC_WARN_ABOUT_RETURN_TYPE = YES_ERROR;
				GCC_WARN_UNDECLARED_SELECTOR = YES;
				GCC_WARN_UNINITIALIZED_AUTOS = YES_AGGRESSIVE;
				GCC_WARN_UNUSED_FUNCTION = YES;
				GCC_WARN_UNUSED_VARIABLE = YES;
				MACOSX_DEPLOYMENT_TARGET = 10.10;
				MTL_ENABLE_DEBUG_INFO = NO;
				SDKROOT = macosx;
			};
			name = Release;
		};
		6AA3F4551A83BDD60015627A /* Debug */ = {
			isa = XCBuildConfiguration;
			buildSettings = {
				ASSETCATALOG_COMPILER_APPICON_NAME = AppIcon;
				COMBINE_HIDPI_IMAGES = YES;
				INFOPLIST_FILE = Bias/Info.plist;
				LD_RUNPATH_SEARCH_PATHS = "$(inherited) @executable_path/../Frameworks";
				PRODUCT_NAME = "$(TARGET_NAME)";
				SWIFT_OBJC_BRIDGING_HEADER = Bias/Bridging.h;
			};
			name = Debug;
		};
		6AA3F4561A83BDD60015627A /* Release */ = {
			isa = XCBuildConfiguration;
			buildSettings = {
				ASSETCATALOG_COMPILER_APPICON_NAME = AppIcon;
				COMBINE_HIDPI_IMAGES = YES;
				INFOPLIST_FILE = Bias/Info.plist;
				LD_RUNPATH_SEARCH_PATHS = "$(inherited) @executable_path/../Frameworks";
				PRODUCT_NAME = "$(TARGET_NAME)";
				SWIFT_OBJC_BRIDGING_HEADER = Bias/Bridging.h;
			};
			name = Release;
		};
		6AA3F4581A83BDD60015627A /* Debug */ = {
			isa = XCBuildConfiguration;
			buildSettings = {
				BUNDLE_LOADER = "$(TEST_HOST)";
				COMBINE_HIDPI_IMAGES = YES;
				FRAMEWORK_SEARCH_PATHS = (
					"$(DEVELOPER_FRAMEWORKS_DIR)",
					"$(inherited)",
				);
				GCC_PREPROCESSOR_DEFINITIONS = (
					"DEBUG=1",
					"$(inherited)",
				);
				INFOPLIST_FILE = BiasTests/Info.plist;
				LD_RUNPATH_SEARCH_PATHS = "$(inherited) @executable_path/../Frameworks @loader_path/../Frameworks";
				PRODUCT_NAME = "$(TARGET_NAME)";
				TEST_HOST = "$(BUILT_PRODUCTS_DIR)/Bias.app/Contents/MacOS/Bias";
			};
			name = Debug;
		};
		6AA3F4591A83BDD60015627A /* Release */ = {
			isa = XCBuildConfiguration;
			buildSettings = {
				BUNDLE_LOADER = "$(TEST_HOST)";
				COMBINE_HIDPI_IMAGES = YES;
				FRAMEWORK_SEARCH_PATHS = (
					"$(DEVELOPER_FRAMEWORKS_DIR)",
					"$(inherited)",
				);
				INFOPLIST_FILE = BiasTests/Info.plist;
				LD_RUNPATH_SEARCH_PATHS = "$(inherited) @executable_path/../Frameworks @loader_path/../Frameworks";
				PRODUCT_NAME = "$(TARGET_NAME)";
				TEST_HOST = "$(BUILT_PRODUCTS_DIR)/Bias.app/Contents/MacOS/Bias";
			};
			name = Release;
		};
/* End XCBuildConfiguration section */

/* Begin XCConfigurationList section */
		6AA3F4351A83BDD60015627A /* Build configuration list for PBXProject "Bias" */ = {
			isa = XCConfigurationList;
			buildConfigurations = (
				6AA3F4521A83BDD60015627A /* Debug */,
				6AA3F4531A83BDD60015627A /* Release */,
			);
			defaultConfigurationIsVisible = 0;
			defaultConfigurationName = Release;
		};
		6AA3F4541A83BDD60015627A /* Build configuration list for PBXNativeTarget "Bias" */ = {
			isa = XCConfigurationList;
			buildConfigurations = (
				6AA3F4551A83BDD60015627A /* Debug */,
				6AA3F4561A83BDD60015627A /* Release */,
			);
			defaultConfigurationIsVisible = 0;
			defaultConfigurationName = Release;
		};
		6AA3F4571A83BDD60015627A /* Build configuration list for PBXNativeTarget "BiasTests" */ = {
			isa = XCConfigurationList;
			buildConfigurations = (
				6AA3F4581A83BDD60015627A /* Debug */,
				6AA3F4591A83BDD60015627A /* Release */,
			);
			defaultConfigurationIsVisible = 0;
			defaultConfigurationName = Release;
		};
/* End XCConfigurationList section */
	};
	rootObject = 6AA3F4321A83BDD60015627A /* Project object */;
}
