// !$*UTF8*$!
{
	archiveVersion = 1;
	classes = {
	};
	objectVersion = 46;
	objects = {

/* Begin PBXBuildFile section */
		6A69CE481A852582009D1F92 /* Circuit-3.png in Resources */ = {isa = PBXBuildFile; fileRef = 6A69CE471A852582009D1F92 /* Circuit-3.png */; };
		6A69CE4A1A8529B5009D1F92 /* BiasModel.swift in Sources */ = {isa = PBXBuildFile; fileRef = 6A69CE491A8529B5009D1F92 /* BiasModel.swift */; };
		6A69CE4C1A853C63009D1F92 /* ValueFormatter.swift in Sources */ = {isa = PBXBuildFile; fileRef = 6A69CE4B1A853C63009D1F92 /* ValueFormatter.swift */; };
		6AA3F4401A83BDD60015627A /* AppDelegate.swift in Sources */ = {isa = PBXBuildFile; fileRef = 6AA3F43F1A83BDD60015627A /* AppDelegate.swift */; };
		6AA3F4421A83BDD60015627A /* Images.xcassets in Resources */ = {isa = PBXBuildFile; fileRef = 6AA3F4411A83BDD60015627A /* Images.xcassets */; };
		6AA3F4451A83BDD60015627A /* MainMenu.xib in Resources */ = {isa = PBXBuildFile; fileRef = 6AA3F4431A83BDD60015627A /* MainMenu.xib */; };
		6AA496241A965DD300F7B2B0 /* AppDelegate.swift in Sources */ = {isa = PBXBuildFile; fileRef = 6AA496231A965DD300F7B2B0 /* AppDelegate.swift */; };
		6AA496261A965DD300F7B2B0 /* Images.xcassets in Resources */ = {isa = PBXBuildFile; fileRef = 6AA496251A965DD300F7B2B0 /* Images.xcassets */; };
		6AA496291A965DD300F7B2B0 /* MainMenu.xib in Resources */ = {isa = PBXBuildFile; fileRef = 6AA496271A965DD300F7B2B0 /* MainMenu.xib */; };
		6AA4963D1A96640600F7B2B0 /* GenModel.swift in Sources */ = {isa = PBXBuildFile; fileRef = 6AA4963C1A96640600F7B2B0 /* GenModel.swift */; };
		6AA4963F1A96695300F7B2B0 /* GenController.swift in Sources */ = {isa = PBXBuildFile; fileRef = 6AA4963E1A96695300F7B2B0 /* GenController.swift */; };
		6AA496411A979E8500F7B2B0 /* GenTextView.swift in Sources */ = {isa = PBXBuildFile; fileRef = 6AA496401A979E8500F7B2B0 /* GenTextView.swift */; };
		6AA496431A98DB0800F7B2B0 /* GenTransistor.swift in Sources */ = {isa = PBXBuildFile; fileRef = 6AA496421A98DB0800F7B2B0 /* GenTransistor.swift */; };
		6AA496451A98DF2400F7B2B0 /* Transistor.swift in Sources */ = {isa = PBXBuildFile; fileRef = 6AA496441A98DF2400F7B2B0 /* Transistor.swift */; };
		6AA496491A98EC6500F7B2B0 /* TransistorData.swift in Sources */ = {isa = PBXBuildFile; fileRef = 6AA496481A98EC6500F7B2B0 /* TransistorData.swift */; };
/* End PBXBuildFile section */

/* Begin PBXFileReference section */
		6A69CE471A852582009D1F92 /* Circuit-3.png */ = {isa = PBXFileReference; lastKnownFileType = image.png; path = "Circuit-3.png"; sourceTree = "<group>"; };
		6A69CE491A8529B5009D1F92 /* BiasModel.swift */ = {isa = PBXFileReference; fileEncoding = 4; lastKnownFileType = sourcecode.swift; path = BiasModel.swift; sourceTree = "<group>"; };
		6A69CE4B1A853C63009D1F92 /* ValueFormatter.swift */ = {isa = PBXFileReference; fileEncoding = 4; lastKnownFileType = sourcecode.swift; path = ValueFormatter.swift; sourceTree = "<group>"; };
		6A69CE4D1A86423D009D1F92 /* Bridging.h */ = {isa = PBXFileReference; lastKnownFileType = sourcecode.c.h; path = Bridging.h; sourceTree = "<group>"; };
		6AA3F43A1A83BDD60015627A /* Bias.app */ = {isa = PBXFileReference; explicitFileType = wrapper.application; includeInIndex = 0; path = Bias.app; sourceTree = BUILT_PRODUCTS_DIR; };
		6AA3F43E1A83BDD60015627A /* Info.plist */ = {isa = PBXFileReference; lastKnownFileType = text.plist.xml; path = Info.plist; sourceTree = "<group>"; };
		6AA3F43F1A83BDD60015627A /* AppDelegate.swift */ = {isa = PBXFileReference; lastKnownFileType = sourcecode.swift; path = AppDelegate.swift; sourceTree = "<group>"; };
		6AA3F4411A83BDD60015627A /* Images.xcassets */ = {isa = PBXFileReference; lastKnownFileType = folder.assetcatalog; path = Images.xcassets; sourceTree = "<group>"; };
		6AA3F4441A83BDD60015627A /* Base */ = {isa = PBXFileReference; lastKnownFileType = file.xib; name = Base; path = Base.lproj/MainMenu.xib; sourceTree = "<group>"; };
		6AA4961F1A965DD300F7B2B0 /* GenTransData.app */ = {isa = PBXFileReference; explicitFileType = wrapper.application; includeInIndex = 0; path = GenTransData.app; sourceTree = BUILT_PRODUCTS_DIR; };
		6AA496221A965DD300F7B2B0 /* Info.plist */ = {isa = PBXFileReference; lastKnownFileType = text.plist.xml; name = Info.plist; path = ../GenTransData/Info.plist; sourceTree = "<group>"; };
		6AA496231A965DD300F7B2B0 /* AppDelegate.swift */ = {isa = PBXFileReference; lastKnownFileType = sourcecode.swift; name = AppDelegate.swift; path = ../GenTransData/AppDelegate.swift; sourceTree = "<group>"; };
		6AA496251A965DD300F7B2B0 /* Images.xcassets */ = {isa = PBXFileReference; lastKnownFileType = folder.assetcatalog; name = Images.xcassets; path = ../GenTransData/Images.xcassets; sourceTree = "<group>"; };
		6AA496281A965DD300F7B2B0 /* Base */ = {isa = PBXFileReference; lastKnownFileType = file.xib; name = Base; path = Base.lproj/MainMenu.xib; sourceTree = "<group>"; };
		6AA4963C1A96640600F7B2B0 /* GenModel.swift */ = {isa = PBXFileReference; fileEncoding = 4; lastKnownFileType = sourcecode.swift; name = GenModel.swift; path = ../GenTransData/GenModel.swift; sourceTree = "<group>"; };
		6AA4963E1A96695300F7B2B0 /* GenController.swift */ = {isa = PBXFileReference; fileEncoding = 4; lastKnownFileType = sourcecode.swift; name = GenController.swift; path = ../GenTransData/GenController.swift; sourceTree = "<group>"; };
		6AA496401A979E8500F7B2B0 /* GenTextView.swift */ = {isa = PBXFileReference; fileEncoding = 4; lastKnownFileType = sourcecode.swift; name = GenTextView.swift; path = ../GenTransData/GenTextView.swift; sourceTree = "<group>"; };
		6AA496421A98DB0800F7B2B0 /* GenTransistor.swift */ = {isa = PBXFileReference; fileEncoding = 4; lastKnownFileType = sourcecode.swift; name = GenTransistor.swift; path = ../GenTransData/GenTransistor.swift; sourceTree = "<group>"; };
		6AA496441A98DF2400F7B2B0 /* Transistor.swift */ = {isa = PBXFileReference; fileEncoding = 4; lastKnownFileType = sourcecode.swift; path = Transistor.swift; sourceTree = "<group>"; };
		6AA496481A98EC6500F7B2B0 /* TransistorData.swift */ = {isa = PBXFileReference; fileEncoding = 4; lastKnownFileType = sourcecode.swift; path = TransistorData.swift; sourceTree = "<group>"; };
/* End PBXFileReference section */

/* Begin PBXFrameworksBuildPhase section */
		6AA3F4371A83BDD60015627A /* Frameworks */ = {
			isa = PBXFrameworksBuildPhase;
			buildActionMask = 2147483647;
			files = (
			);
			runOnlyForDeploymentPostprocessing = 0;
		};
		6AA4961C1A965DD300F7B2B0 /* Frameworks */ = {
			isa = PBXFrameworksBuildPhase;
			buildActionMask = 2147483647;
			files = (
			);
			runOnlyForDeploymentPostprocessing = 0;
		};
/* End PBXFrameworksBuildPhase section */

/* Begin PBXGroup section */
		6AA3F4311A83BDD60015627A = {
			isa = PBXGroup;
			children = (
				6AA3F43C1A83BDD60015627A /* Bias */,
				6AA496201A965DD300F7B2B0 /* GenTransData */,
				6AA3F43B1A83BDD60015627A /* Products */,
			);
			sourceTree = "<group>";
		};
		6AA3F43B1A83BDD60015627A /* Products */ = {
			isa = PBXGroup;
			children = (
				6AA3F43A1A83BDD60015627A /* Bias.app */,
				6AA4961F1A965DD300F7B2B0 /* GenTransData.app */,
			);
			name = Products;
			sourceTree = "<group>";
		};
		6AA3F43C1A83BDD60015627A /* Bias */ = {
			isa = PBXGroup;
			children = (
				6A69CE4D1A86423D009D1F92 /* Bridging.h */,
				6AA3F43F1A83BDD60015627A /* AppDelegate.swift */,
				6A69CE491A8529B5009D1F92 /* BiasModel.swift */,
				6AA3F4431A83BDD60015627A /* MainMenu.xib */,
				6A69CE4B1A853C63009D1F92 /* ValueFormatter.swift */,
				6AA496441A98DF2400F7B2B0 /* Transistor.swift */,
				6AA496481A98EC6500F7B2B0 /* TransistorData.swift */,
				6AA3F4411A83BDD60015627A /* Images.xcassets */,
				6A69CE471A852582009D1F92 /* Circuit-3.png */,
				6AA3F43D1A83BDD60015627A /* Supporting Files */,
			);
			path = Bias;
			sourceTree = "<group>";
		};
		6AA3F43D1A83BDD60015627A /* Supporting Files */ = {
			isa = PBXGroup;
			children = (
				6AA3F43E1A83BDD60015627A /* Info.plist */,
			);
			name = "Supporting Files";
			sourceTree = "<group>";
		};
		6AA496201A965DD300F7B2B0 /* GenTransData */ = {
			isa = PBXGroup;
			children = (
				6AA496231A965DD300F7B2B0 /* AppDelegate.swift */,
				6AA496271A965DD300F7B2B0 /* MainMenu.xib */,
				6AA4963C1A96640600F7B2B0 /* GenModel.swift */,
				6AA4963E1A96695300F7B2B0 /* GenController.swift */,
				6AA496401A979E8500F7B2B0 /* GenTextView.swift */,
				6AA496421A98DB0800F7B2B0 /* GenTransistor.swift */,
				6AA496251A965DD300F7B2B0 /* Images.xcassets */,
				6AA496211A965DD300F7B2B0 /* Supporting Files */,
			);
			path = GenTransData;
			sourceTree = "<group>";
		};
		6AA496211A965DD300F7B2B0 /* Supporting Files */ = {
			isa = PBXGroup;
			children = (
				6AA496221A965DD300F7B2B0 /* Info.plist */,
			);
			name = "Supporting Files";
			sourceTree = "<group>";
		};
/* End PBXGroup section */

/* Begin PBXNativeTarget section */
		6AA3F4391A83BDD60015627A /* Bias */ = {
			isa = PBXNativeTarget;
			buildConfigurationList = 6AA3F4541A83BDD60015627A /* Build configuration list for PBXNativeTarget "Bias" */;
			buildPhases = (
				6AA3F4361A83BDD60015627A /* Sources */,
				6AA3F4371A83BDD60015627A /* Frameworks */,
				6AA3F4381A83BDD60015627A /* Resources */,
			);
			buildRules = (
			);
			dependencies = (
			);
			name = Bias;
			productName = Bias;
			productReference = 6AA3F43A1A83BDD60015627A /* Bias.app */;
			productType = "com.apple.product-type.application";
		};
		6AA4961E1A965DD300F7B2B0 /* GenTransData */ = {
			isa = PBXNativeTarget;
			buildConfigurationList = 6AA4963A1A965DD300F7B2B0 /* Build configuration list for PBXNativeTarget "GenTransData" */;
			buildPhases = (
				6AA4961B1A965DD300F7B2B0 /* Sources */,
				6AA4961C1A965DD300F7B2B0 /* Frameworks */,
				6AA4961D1A965DD300F7B2B0 /* Resources */,
			);
			buildRules = (
			);
			dependencies = (
			);
			name = GenTransData;
			productName = GenTransType;
			productReference = 6AA4961F1A965DD300F7B2B0 /* GenTransData.app */;
			productType = "com.apple.product-type.application";
		};
/* End PBXNativeTarget section */

/* Begin PBXProject section */
		6AA3F4321A83BDD60015627A /* Project object */ = {
			isa = PBXProject;
			attributes = {
				LastUpgradeCheck = 0610;
				ORGANIZATIONNAME = "Mikael Hakman";
				TargetAttributes = {
					6AA3F4391A83BDD60015627A = {
						CreatedOnToolsVersion = 6.1.1;
					};
					6AA4961E1A965DD300F7B2B0 = {
						CreatedOnToolsVersion = 6.1.1;
					};
				};
			};
			buildConfigurationList = 6AA3F4351A83BDD60015627A /* Build configuration list for PBXProject "Bias" */;
			compatibilityVersion = "Xcode 3.2";
			developmentRegion = English;
			hasScannedForEncodings = 0;
			knownRegions = (
				en,
				Base,
			);
			mainGroup = 6AA3F4311A83BDD60015627A;
			productRefGroup = 6AA3F43B1A83BDD60015627A /* Products */;
			projectDirPath = "";
			projectRoot = "";
			targets = (
				6AA3F4391A83BDD60015627A /* Bias */,
				6AA4961E1A965DD300F7B2B0 /* GenTransData */,
			);
		};
/* End PBXProject section */

/* Begin PBXResourcesBuildPhase section */
		6AA3F4381A83BDD60015627A /* Resources */ = {
			isa = PBXResourcesBuildPhase;
			buildActionMask = 2147483647;
			files = (
				6A69CE481A852582009D1F92 /* Circuit-3.png in Resources */,
				6AA3F4421A83BDD60015627A /* Images.xcassets in Resources */,
				6AA3F4451A83BDD60015627A /* MainMenu.xib in Resources */,
			);
			runOnlyForDeploymentPostprocessing = 0;
		};
		6AA4961D1A965DD300F7B2B0 /* Resources */ = {
			isa = PBXResourcesBuildPhase;
			buildActionMask = 2147483647;
			files = (
				6AA496261A965DD300F7B2B0 /* Images.xcassets in Resources */,
				6AA496291A965DD300F7B2B0 /* MainMenu.xib in Resources */,
			);
			runOnlyForDeploymentPostprocessing = 0;
		};
/* End PBXResourcesBuildPhase section */

/* Begin PBXSourcesBuildPhase section */
		6AA3F4361A83BDD60015627A /* Sources */ = {
			isa = PBXSourcesBuildPhase;
			buildActionMask = 2147483647;
			files = (
				6AA496491A98EC6500F7B2B0 /* TransistorData.swift in Sources */,
				6A69CE4A1A8529B5009D1F92 /* BiasModel.swift in Sources */,
				6A69CE4C1A853C63009D1F92 /* ValueFormatter.swift in Sources */,
				6AA496451A98DF2400F7B2B0 /* Transistor.swift in Sources */,
				6AA3F4401A83BDD60015627A /* AppDelegate.swift in Sources */,
			);
			runOnlyForDeploymentPostprocessing = 0;
		};
		6AA4961B1A965DD300F7B2B0 /* Sources */ = {
			isa = PBXSourcesBuildPhase;
			buildActionMask = 2147483647;
			files = (
				6AA496431A98DB0800F7B2B0 /* GenTransistor.swift in Sources */,
				6AA4963F1A96695300F7B2B0 /* GenController.swift in Sources */,
				6AA4963D1A96640600F7B2B0 /* GenModel.swift in Sources */,
				6AA496411A979E8500F7B2B0 /* GenTextView.swift in Sources */,
				6AA496241A965DD300F7B2B0 /* AppDelegate.swift in Sources */,
			);
			runOnlyForDeploymentPostprocessing = 0;
		};
/* End PBXSourcesBuildPhase section */

/* Begin PBXVariantGroup section */
		6AA3F4431A83BDD60015627A /* MainMenu.xib */ = {
			isa = PBXVariantGroup;
			children = (
				6AA3F4441A83BDD60015627A /* Base */,
			);
			name = MainMenu.xib;
			sourceTree = "<group>";
		};
		6AA496271A965DD300F7B2B0 /* MainMenu.xib */ = {
			isa = PBXVariantGroup;
			children = (
				6AA496281A965DD300F7B2B0 /* Base */,
			);
			name = MainMenu.xib;
			path = ../GenTransData;
			sourceTree = "<group>";
		};
/* End PBXVariantGroup section */

/* Begin XCBuildConfiguration section */
		6AA3F4521A83BDD60015627A /* Debug */ = {
			isa = XCBuildConfiguration;
			buildSettings = {
				ALWAYS_SEARCH_USER_PATHS = NO;
				CLANG_CXX_LANGUAGE_STANDARD = "gnu++0x";
				CLANG_CXX_LIBRARY = "libc++";
				CLANG_ENABLE_MODULES = YES;
				CLANG_ENABLE_OBJC_ARC = YES;
				CLANG_WARN_BOOL_CONVERSION = YES;
				CLANG_WARN_CONSTANT_CONVERSION = YES;
				CLANG_WARN_DIRECT_OBJC_ISA_USAGE = YES_ERROR;
				CLANG_WARN_EMPTY_BODY = YES;
				CLANG_WARN_ENUM_CONVERSION = YES;
				CLANG_WARN_INT_CONVERSION = YES;
				CLANG_WARN_OBJC_ROOT_CLASS = YES_ERROR;
				CLANG_WARN_UNREACHABLE_CODE = YES;
				CLANG_WARN__DUPLICATE_METHOD_MATCH = YES;
				CODE_SIGN_IDENTITY = "-";
				COPY_PHASE_STRIP = NO;
				ENABLE_STRICT_OBJC_MSGSEND = YES;
				GCC_C_LANGUAGE_STANDARD = gnu99;
				GCC_DYNAMIC_NO_PIC = NO;
				GCC_OPTIMIZATION_LEVEL = 0;
				GCC_PREPROCESSOR_DEFINITIONS = (
					"DEBUG=1",
					"$(inherited)",
				);
				GCC_SYMBOLS_PRIVATE_EXTERN = NO;
				GCC_WARN_64_TO_32_BIT_CONVERSION = YES;
				GCC_WARN_ABOUT_RETURN_TYPE = YES_ERROR;
				GCC_WARN_UNDECLARED_SELECTOR = YES;
				GCC_WARN_UNINITIALIZED_AUTOS = YES_AGGRESSIVE;
				GCC_WARN_UNUSED_FUNCTION = YES;
				GCC_WARN_UNUSED_VARIABLE = YES;
				MACOSX_DEPLOYMENT_TARGET = 10.10;
				MTL_ENABLE_DEBUG_INFO = YES;
				ONLY_ACTIVE_ARCH = YES;
				SDKROOT = macosx;
				SWIFT_OPTIMIZATION_LEVEL = "-Onone";
			};
			name = Debug;
		};
		6AA3F4531A83BDD60015627A /* Release */ = {
			isa = XCBuildConfiguration;
			buildSettings = {
				ALWAYS_SEARCH_USER_PATHS = NO;
				CLANG_CXX_LANGUAGE_STANDARD = "gnu++0x";
				CLANG_CXX_LIBRARY = "libc++";
				CLANG_ENABLE_MODULES = YES;
				CLANG_ENABLE_OBJC_ARC = YES;
				CLANG_WARN_BOOL_CONVERSION = YES;
				CLANG_WARN_CONSTANT_CONVERSION = YES;
				CLANG_WARN_DIRECT_OBJC_ISA_USAGE = YES_ERROR;
				CLANG_WARN_EMPTY_BODY = YES;
				CLANG_WARN_ENUM_CONVERSION = YES;
				CLANG_WARN_INT_CONVERSION = YES;
				CLANG_WARN_OBJC_ROOT_CLASS = YES_ERROR;
				CLANG_WARN_UNREACHABLE_CODE = YES;
				CLANG_WARN__DUPLICATE_METHOD_MATCH = YES;
				CODE_SIGN_IDENTITY = "-";
				COPY_PHASE_STRIP = YES;
				DEBUG_INFORMATION_FORMAT = "dwarf-with-dsym";
				ENABLE_NS_ASSERTIONS = NO;
				ENABLE_STRICT_OBJC_MSGSEND = YES;
				GCC_C_LANGUAGE_STANDARD = gnu99;
				GCC_WARN_64_TO_32_BIT_CONVERSION = YES;
				GCC_WARN_ABOUT_RETURN_TYPE = YES_ERROR;
				GCC_WARN_UNDECLARED_SELECTOR = YES;
				GCC_WARN_UNINITIALIZED_AUTOS = YES_AGGRESSIVE;
				GCC_WARN_UNUSED_FUNCTION = YES;
				GCC_WARN_UNUSED_VARIABLE = YES;
				MACOSX_DEPLOYMENT_TARGET = 10.10;
				MTL_ENABLE_DEBUG_INFO = NO;
				SDKROOT = macosx;
			};
			name = Release;
		};
		6AA3F4551A83BDD60015627A /* Debug */ = {
			isa = XCBuildConfiguration;
			buildSettings = {
				ASSETCATALOG_COMPILER_APPICON_NAME = AppIcon;
				COMBINE_HIDPI_IMAGES = YES;
				INFOPLIST_FILE = Bias/Info.plist;
				LD_RUNPATH_SEARCH_PATHS = "$(inherited) @executable_path/../Frameworks";
				PRODUCT_NAME = "$(TARGET_NAME)";
				SWIFT_OBJC_BRIDGING_HEADER = Bias/Bridging.h;
			};
			name = Debug;
		};
		6AA3F4561A83BDD60015627A /* Release */ = {
			isa = XCBuildConfiguration;
			buildSettings = {
				ASSETCATALOG_COMPILER_APPICON_NAME = AppIcon;
				COMBINE_HIDPI_IMAGES = YES;
				INFOPLIST_FILE = Bias/Info.plist;
				LD_RUNPATH_SEARCH_PATHS = "$(inherited) @executable_path/../Frameworks";
				PRODUCT_NAME = "$(TARGET_NAME)";
				SWIFT_OBJC_BRIDGING_HEADER = Bias/Bridging.h;
			};
			name = Release;
		};
		6AA496361A965DD300F7B2B0 /* Debug */ = {
			isa = XCBuildConfiguration;
			buildSettings = {
				ASSETCATALOG_COMPILER_APPICON_NAME = AppIcon;
				COMBINE_HIDPI_IMAGES = YES;
				GCC_PREPROCESSOR_DEFINITIONS = (
					"DEBUG=1",
					"$(inherited)",
				);
				INFOPLIST_FILE = "$(SRCROOT)/GenTransData/Info.plist";
				LD_RUNPATH_SEARCH_PATHS = "$(inherited) @executable_path/../Frameworks";
				PRODUCT_NAME = "$(TARGET_NAME)";
			};
			name = Debug;
		};
		6AA496371A965DD300F7B2B0 /* Release */ = {
			isa = XCBuildConfiguration;
			buildSettings = {
				ASSETCATALOG_COMPILER_APPICON_NAME = AppIcon;
				COMBINE_HIDPI_IMAGES = YES;
				INFOPLIST_FILE = "$(SRCROOT)/GenTransData/Info.plist";
				LD_RUNPATH_SEARCH_PATHS = "$(inherited) @executable_path/../Frameworks";
				PRODUCT_NAME = "$(TARGET_NAME)";
			};
			name = Release;
		};
/* End XCBuildConfiguration section */

/* Begin XCConfigurationList section */
		6AA3F4351A83BDD60015627A /* Build configuration list for PBXProject "Bias" */ = {
			isa = XCConfigurationList;
			buildConfigurations = (
				6AA3F4521A83BDD60015627A /* Debug */,
				6AA3F4531A83BDD60015627A /* Release */,
			);
			defaultConfigurationIsVisible = 0;
			defaultConfigurationName = Release;
		};
		6AA3F4541A83BDD60015627A /* Build configuration list for PBXNativeTarget "Bias" */ = {
			isa = XCConfigurationList;
			buildConfigurations = (
				6AA3F4551A83BDD60015627A /* Debug */,
				6AA3F4561A83BDD60015627A /* Release */,
			);
			defaultConfigurationIsVisible = 0;
			defaultConfigurationName = Release;
		};
		6AA4963A1A965DD300F7B2B0 /* Build configuration list for PBXNativeTarget "GenTransData" */ = {
			isa = XCConfigurationList;
			buildConfigurations = (
				6AA496361A965DD300F7B2B0 /* Debug */,
				6AA496371A965DD300F7B2B0 /* Release */,
			);
			defaultConfigurationIsVisible = 0;
			defaultConfigurationName = Release;
		};
/* End XCConfigurationList section */
	};
	rootObject = 6AA3F4321A83BDD60015627A /* Project object */;
}
